
Microsoft Visual Studio Solution File, Format Version 12.00
# Visual Studio Version 17
VisualStudioVersion = 17.12.35527.113
MinimumVisualStudioVersion = 10.0.40219.1
Project("{FAE04EC0-301F-11D3-BF4B-00C04F79EFBC}") = "CSM.App", "CSM.App\CSM.App.csproj", "{1B54E818-E3BA-45AE-A19A-A5F12C7D81F5}"
EndProject
Project("{FAE04EC0-301F-11D3-BF4B-00C04F79EFBC}") = "CSM.Business", "CSM.Business\CSM.Business.csproj", "{6FDAD57D-12C3-40B1-BBB7-FAFF45B7E225}"
EndProject
Project("{FAE04EC0-301F-11D3-BF4B-00C04F79EFBC}") = "CSM.DataAccess", "CSM.DataAccess\CSM.DataAccess.csproj", "{61027E6B-0235-4B22-9BE7-79FA9DD95FF4}"
EndProject
Project("{FAE04EC0-301F-11D3-BF4B-00C04F79EFBC}") = "CSM.Framework", "CSM.Framework\CSM.Framework.csproj", "{2B0C6C52-3C77-4BC6-9241-186D7B1E368F}"
EndProject
Project("{FAE04EC0-301F-11D3-BF4B-00C04F79EFBC}") = "CSM.UiLogic", "CSM.UiLogic\CSM.UiLogic.csproj", "{7B3944B0-6072-4009-8EC3-E13A081CE1BD}"
EndProject
Global
	GlobalSection(SolutionConfigurationPlatforms) = preSolution
		Debug|Any CPU = Debug|Any CPU
		Release|Any CPU = Release|Any CPU
	EndGlobalSection
	GlobalSection(ProjectConfigurationPlatforms) = postSolution
		{1B54E818-E3BA-45AE-A19A-A5F12C7D81F5}.Debug|Any CPU.ActiveCfg = Debug|Any CPU
		{1B54E818-E3BA-45AE-A19A-A5F12C7D81F5}.Debug|Any CPU.Build.0 = Debug|Any CPU
		{1B54E818-E3BA-45AE-A19A-A5F12C7D81F5}.Release|Any CPU.ActiveCfg = Release|Any CPU
		{1B54E818-E3BA-45AE-A19A-A5F12C7D81F5}.Release|Any CPU.Build.0 = Release|Any CPU
		{6FDAD57D-12C3-40B1-BBB7-FAFF45B7E225}.Debug|Any CPU.ActiveCfg = Debug|Any CPU
		{6FDAD57D-12C3-40B1-BBB7-FAFF45B7E225}.Debug|Any CPU.Build.0 = Debug|Any CPU
		{6FDAD57D-12C3-40B1-BBB7-FAFF45B7E225}.Release|Any CPU.ActiveCfg = Release|Any CPU
		{6FDAD57D-12C3-40B1-BBB7-FAFF45B7E225}.Release|Any CPU.Build.0 = Release|Any CPU
		{61027E6B-0235-4B22-9BE7-79FA9DD95FF4}.Debug|Any CPU.ActiveCfg = Debug|Any CPU
		{61027E6B-0235-4B22-9BE7-79FA9DD95FF4}.Debug|Any CPU.Build.0 = Debug|Any CPU
		{61027E6B-0235-4B22-9BE7-79FA9DD95FF4}.Release|Any CPU.ActiveCfg = Release|Any CPU
		{61027E6B-0235-4B22-9BE7-79FA9DD95FF4}.Release|Any CPU.Build.0 = Release|Any CPU
		{2B0C6C52-3C77-4BC6-9241-186D7B1E368F}.Debug|Any CPU.ActiveCfg = Debug|Any CPU
		{2B0C6C52-3C77-4BC6-9241-186D7B1E368F}.Debug|Any CPU.Build.0 = Debug|Any CPU
		{2B0C6C52-3C77-4BC6-9241-186D7B1E368F}.Release|Any CPU.ActiveCfg = Release|Any CPU
		{2B0C6C52-3C77-4BC6-9241-186D7B1E368F}.Release|Any CPU.Build.0 = Release|Any CPU
		{7B3944B0-6072-4009-8EC3-E13A081CE1BD}.Debug|Any CPU.ActiveCfg = Debug|Any CPU
		{7B3944B0-6072-4009-8EC3-E13A081CE1BD}.Debug|Any CPU.Build.0 = Debug|Any CPU
		{7B3944B0-6072-4009-8EC3-E13A081CE1BD}.Release|Any CPU.ActiveCfg = Release|Any CPU
		{7B3944B0-6072-4009-8EC3-E13A081CE1BD}.Release|Any CPU.Build.0 = Release|Any CPU
	EndGlobalSection
	GlobalSection(SolutionProperties) = preSolution
		HideSolutionNode = FALSE
	EndGlobalSection
EndGlobal
