
Microsoft Visual Studio Solution File, Format Version 12.00
# Visual Studio Version 17
VisualStudioVersion = 17.13.35828.75 d17.13
MinimumVisualStudioVersion = 10.0.40219.1
Project("{FAE04EC0-301F-11D3-BF4B-00C04F79EFBC}") = "CSM.App", "CSM.App\CSM.App.csproj", "{ED6483C4-384A-4C9C-A73B-D19D8B4271CE}"
EndProject
Project("{FAE04EC0-301F-11D3-BF4B-00C04F79EFBC}") = "CSM.UiLogic", "CSM.UiLogic\CSM.UiLogic.csproj", "{F64504CD-E4C2-4CB7-8960-48620BB22D33}"
EndProject
Project("{FAE04EC0-301F-11D3-BF4B-00C04F79EFBC}") = "CSM.DataAccess", "CSM.DataAccess\CSM.DataAccess.csproj", "{45E28E3B-CF56-4583-99CB-E115EECDF744}"
EndProject
Project("{FAE04EC0-301F-11D3-BF4B-00C04F79EFBC}") = "CSM.Services", "CSM.Services\CSM.Services.csproj", "{093E1723-517F-4539-AE61-642EF773ACB0}"
EndProject
Project("{FAE04EC0-301F-11D3-BF4B-00C04F79EFBC}") = "CSM.Framework", "CSM.Framework\CSM.Framework.csproj", "{E4212929-E64D-4154-B381-958DE99A2932}"
EndProject
Project("{2150E333-8FDC-42A3-9474-1A3956D46DE8}") = "Solution Items", "Solution Items", "{5D870165-34FE-4DC4-B9BB-16B26B761DBB}"
	ProjectSection(SolutionItems) = preProject
		VersionInfo.cs = VersionInfo.cs
	EndProjectSection
EndProject
Project("{FAE04EC0-301F-11D3-BF4B-00C04F79EFBC}") = "CSM.Business", "CSM.Business\CSM.Business.csproj", "{266967D5-EA46-4C28-8CD9-E41D5C4AC761}"
EndProject
Global
	GlobalSection(SolutionConfigurationPlatforms) = preSolution
		Debug|Any CPU = Debug|Any CPU
		Release|Any CPU = Release|Any CPU
	EndGlobalSection
	GlobalSection(ProjectConfigurationPlatforms) = postSolution
		{ED6483C4-384A-4C9C-A73B-D19D8B4271CE}.Debug|Any CPU.ActiveCfg = Debug|Any CPU
		{ED6483C4-384A-4C9C-A73B-D19D8B4271CE}.Debug|Any CPU.Build.0 = Debug|Any CPU
		{ED6483C4-384A-4C9C-A73B-D19D8B4271CE}.Release|Any CPU.ActiveCfg = Release|Any CPU
		{ED6483C4-384A-4C9C-A73B-D19D8B4271CE}.Release|Any CPU.Build.0 = Release|Any CPU
		{F64504CD-E4C2-4CB7-8960-48620BB22D33}.Debug|Any CPU.ActiveCfg = Debug|Any CPU
		{F64504CD-E4C2-4CB7-8960-48620BB22D33}.Debug|Any CPU.Build.0 = Debug|Any CPU
		{F64504CD-E4C2-4CB7-8960-48620BB22D33}.Release|Any CPU.ActiveCfg = Release|Any CPU
		{F64504CD-E4C2-4CB7-8960-48620BB22D33}.Release|Any CPU.Build.0 = Release|Any CPU
		{45E28E3B-CF56-4583-99CB-E115EECDF744}.Debug|Any CPU.ActiveCfg = Debug|Any CPU
		{45E28E3B-CF56-4583-99CB-E115EECDF744}.Debug|Any CPU.Build.0 = Debug|Any CPU
		{45E28E3B-CF56-4583-99CB-E115EECDF744}.Release|Any CPU.ActiveCfg = Release|Any CPU
		{45E28E3B-CF56-4583-99CB-E115EECDF744}.Release|Any CPU.Build.0 = Release|Any CPU
		{093E1723-517F-4539-AE61-642EF773ACB0}.Debug|Any CPU.ActiveCfg = Debug|Any CPU
		{093E1723-517F-4539-AE61-642EF773ACB0}.Debug|Any CPU.Build.0 = Debug|Any CPU
		{093E1723-517F-4539-AE61-642EF773ACB0}.Release|Any CPU.ActiveCfg = Release|Any CPU
		{093E1723-517F-4539-AE61-642EF773ACB0}.Release|Any CPU.Build.0 = Release|Any CPU
		{E4212929-E64D-4154-B381-958DE99A2932}.Debug|Any CPU.ActiveCfg = Debug|Any CPU
		{E4212929-E64D-4154-B381-958DE99A2932}.Debug|Any CPU.Build.0 = Debug|Any CPU
		{E4212929-E64D-4154-B381-958DE99A2932}.Release|Any CPU.ActiveCfg = Release|Any CPU
		{E4212929-E64D-4154-B381-958DE99A2932}.Release|Any CPU.Build.0 = Release|Any CPU
		{266967D5-EA46-4C28-8CD9-E41D5C4AC761}.Debug|Any CPU.ActiveCfg = Debug|Any CPU
		{266967D5-EA46-4C28-8CD9-E41D5C4AC761}.Debug|Any CPU.Build.0 = Debug|Any CPU
		{266967D5-EA46-4C28-8CD9-E41D5C4AC761}.Release|Any CPU.ActiveCfg = Release|Any CPU
		{266967D5-EA46-4C28-8CD9-E41D5C4AC761}.Release|Any CPU.Build.0 = Release|Any CPU
	EndGlobalSection
	GlobalSection(SolutionProperties) = preSolution
		HideSolutionNode = FALSE
	EndGlobalSection
	GlobalSection(ExtensibilityGlobals) = postSolution
		SolutionGuid = {B5A8AEBC-FF9F-4F2C-9FEE-23499E04C461}
	EndGlobalSection
EndGlobal
